
Microsoft Visual Studio Solution File, Format Version 12.00
# Visual Studio Version 17
VisualStudioVersion = 17.3.32901.215
MinimumVisualStudioVersion = 10.0.40219.1
Project("{FAE04EC0-301F-11D3-BF4B-00C04F79EFBC}") = "RazorPagesMovie", "RazorPagesMovie\RazorPagesMovie.csproj", "{3CF3E8A9-310D-499F-BBD4-E9F3EA59519B}"
EndProject
Global
	GlobalSection(SolutionConfigurationPlatforms) = preSolution
		Debug|Any CPU = Debug|Any CPU
		Release|Any CPU = Release|Any CPU
	EndGlobalSection
	GlobalSection(ProjectConfigurationPlatforms) = postSolution
		{3CF3E8A9-310D-499F-BBD4-E9F3EA59519B}.Debug|Any CPU.ActiveCfg = Debug|Any CPU
		{3CF3E8A9-310D-499F-BBD4-E9F3EA59519B}.Debug|Any CPU.Build.0 = Debug|Any CPU
		{3CF3E8A9-310D-499F-BBD4-E9F3EA59519B}.Release|Any CPU.ActiveCfg = Release|Any CPU
		{3CF3E8A9-310D-499F-BBD4-E9F3EA59519B}.Release|Any CPU.Build.0 = Release|Any CPU
	EndGlobalSection
	GlobalSection(SolutionProperties) = preSolution
		HideSolutionNode = FALSE
	EndGlobalSection
	GlobalSection(ExtensibilityGlobals) = postSolution
		SolutionGuid = {755609CF-EB0C-456C-8D28-DCCA3906F6FA}
	EndGlobalSection
EndGlobal
